
Microsoft Visual Studio Solution File, Format Version 12.00
# Visual Studio Version 17
VisualStudioVersion = 17.14.37012.4
MinimumVisualStudioVersion = 10.0.40219.1
Project("{2150E333-8FDC-42A3-9474-1A3956D46DE8}") = "_framework", "_framework", "{02EA681E-C7D8-13C7-8484-4AC65E1B71E8}"
	ProjectSection(SolutionItems) = preProject
		_framework\blazor.boot.json = _framework\blazor.boot.json
		_framework\blazor.boot.json.br = _framework\blazor.boot.json.br
		_framework\blazor.boot.json.gz = _framework\blazor.boot.json.gz
		_framework\blazor.webassembly.js = _framework\blazor.webassembly.js
		_framework\blazor.webassembly.js.br = _framework\blazor.webassembly.js.br
		_framework\blazor.webassembly.js.gz = _framework\blazor.webassembly.js.gz
		_framework\ClosedXML.Parser.wasm = _framework\ClosedXML.Parser.wasm
		_framework\ClosedXML.Parser.wasm.br = _framework\ClosedXML.Parser.wasm.br
		_framework\ClosedXML.Parser.wasm.gz = _framework\ClosedXML.Parser.wasm.gz
		_framework\ClosedXML.wasm = _framework\ClosedXML.wasm
		_framework\ClosedXML.wasm.br = _framework\ClosedXML.wasm.br
		_framework\ClosedXML.wasm.gz = _framework\ClosedXML.wasm.gz
		_framework\DocumentFormat.OpenXml.Framework.wasm = _framework\DocumentFormat.OpenXml.Framework.wasm
		_framework\DocumentFormat.OpenXml.Framework.wasm.br = _framework\DocumentFormat.OpenXml.Framework.wasm.br
		_framework\DocumentFormat.OpenXml.Framework.wasm.gz = _framework\DocumentFormat.OpenXml.Framework.wasm.gz
		_framework\DocumentFormat.OpenXml.wasm = _framework\DocumentFormat.OpenXml.wasm
		_framework\DocumentFormat.OpenXml.wasm.br = _framework\DocumentFormat.OpenXml.wasm.br
		_framework\DocumentFormat.OpenXml.wasm.gz = _framework\DocumentFormat.OpenXml.wasm.gz
		_framework\dotnet.js = _framework\dotnet.js
		_framework\dotnet.js.br = _framework\dotnet.js.br
		_framework\dotnet.js.gz = _framework\dotnet.js.gz
		_framework\dotnet.native.js = _framework\dotnet.native.js
		_framework\dotnet.native.js.br = _framework\dotnet.native.js.br
		_framework\dotnet.native.js.gz = _framework\dotnet.native.js.gz
		_framework\dotnet.native.wasm = _framework\dotnet.native.wasm
		_framework\dotnet.native.wasm.br = _framework\dotnet.native.wasm.br
		_framework\dotnet.native.wasm.gz = _framework\dotnet.native.wasm.gz
		_framework\dotnet.runtime.js = _framework\dotnet.runtime.js
		_framework\dotnet.runtime.js.br = _framework\dotnet.runtime.js.br
		_framework\dotnet.runtime.js.gz = _framework\dotnet.runtime.js.gz
		_framework\ExcelNumberFormat.wasm = _framework\ExcelNumberFormat.wasm
		_framework\ExcelNumberFormat.wasm.br = _framework\ExcelNumberFormat.wasm.br
		_framework\ExcelNumberFormat.wasm.gz = _framework\ExcelNumberFormat.wasm.gz
		_framework\icudt_CJK.dat = _framework\icudt_CJK.dat
		_framework\icudt_CJK.dat.br = _framework\icudt_CJK.dat.br
		_framework\icudt_CJK.dat.gz = _framework\icudt_CJK.dat.gz
		_framework\icudt_EFIGS.dat = _framework\icudt_EFIGS.dat
		_framework\icudt_EFIGS.dat.br = _framework\icudt_EFIGS.dat.br
		_framework\icudt_EFIGS.dat.gz = _framework\icudt_EFIGS.dat.gz
		_framework\icudt_no_CJK.dat = _framework\icudt_no_CJK.dat
		_framework\icudt_no_CJK.dat.br = _framework\icudt_no_CJK.dat.br
		_framework\icudt_no_CJK.dat.gz = _framework\icudt_no_CJK.dat.gz
		_framework\Microsoft.AspNetCore.Components.wasm = _framework\Microsoft.AspNetCore.Components.wasm
		_framework\Microsoft.AspNetCore.Components.wasm.br = _framework\Microsoft.AspNetCore.Components.wasm.br
		_framework\Microsoft.AspNetCore.Components.wasm.gz = _framework\Microsoft.AspNetCore.Components.wasm.gz
		_framework\Microsoft.AspNetCore.Components.Web.wasm = _framework\Microsoft.AspNetCore.Components.Web.wasm
		_framework\Microsoft.AspNetCore.Components.Web.wasm.br = _framework\Microsoft.AspNetCore.Components.Web.wasm.br
		_framework\Microsoft.AspNetCore.Components.Web.wasm.gz = _framework\Microsoft.AspNetCore.Components.Web.wasm.gz
		_framework\Microsoft.AspNetCore.Components.WebAssembly.wasm = _framework\Microsoft.AspNetCore.Components.WebAssembly.wasm
		_framework\Microsoft.AspNetCore.Components.WebAssembly.wasm.br = _framework\Microsoft.AspNetCore.Components.WebAssembly.wasm.br
		_framework\Microsoft.AspNetCore.Components.WebAssembly.wasm.gz = _framework\Microsoft.AspNetCore.Components.WebAssembly.wasm.gz
		_framework\Microsoft.Extensions.Configuration.Abstractions.wasm = _framework\Microsoft.Extensions.Configuration.Abstractions.wasm
		_framework\Microsoft.Extensions.Configuration.Abstractions.wasm.br = _framework\Microsoft.Extensions.Configuration.Abstractions.wasm.br
		_framework\Microsoft.Extensions.Configuration.Abstractions.wasm.gz = _framework\Microsoft.Extensions.Configuration.Abstractions.wasm.gz
		_framework\Microsoft.Extensions.Configuration.Json.wasm = _framework\Microsoft.Extensions.Configuration.Json.wasm
		_framework\Microsoft.Extensions.Configuration.Json.wasm.br = _framework\Microsoft.Extensions.Configuration.Json.wasm.br
		_framework\Microsoft.Extensions.Configuration.Json.wasm.gz = _framework\Microsoft.Extensions.Configuration.Json.wasm.gz
		_framework\Microsoft.Extensions.Configuration.wasm = _framework\Microsoft.Extensions.Configuration.wasm
		_framework\Microsoft.Extensions.Configuration.wasm.br = _framework\Microsoft.Extensions.Configuration.wasm.br
		_framework\Microsoft.Extensions.Configuration.wasm.gz = _framework\Microsoft.Extensions.Configuration.wasm.gz
		_framework\Microsoft.Extensions.DependencyInjection.Abstractions.wasm = _framework\Microsoft.Extensions.DependencyInjection.Abstractions.wasm
		_framework\Microsoft.Extensions.DependencyInjection.Abstractions.wasm.br = _framework\Microsoft.Extensions.DependencyInjection.Abstractions.wasm.br
		_framework\Microsoft.Extensions.DependencyInjection.Abstractions.wasm.gz = _framework\Microsoft.Extensions.DependencyInjection.Abstractions.wasm.gz
		_framework\Microsoft.Extensions.DependencyInjection.wasm = _framework\Microsoft.Extensions.DependencyInjection.wasm
		_framework\Microsoft.Extensions.DependencyInjection.wasm.br = _framework\Microsoft.Extensions.DependencyInjection.wasm.br
		_framework\Microsoft.Extensions.DependencyInjection.wasm.gz = _framework\Microsoft.Extensions.DependencyInjection.wasm.gz
		_framework\Microsoft.Extensions.Logging.Abstractions.wasm = _framework\Microsoft.Extensions.Logging.Abstractions.wasm
		_framework\Microsoft.Extensions.Logging.Abstractions.wasm.br = _framework\Microsoft.Extensions.Logging.Abstractions.wasm.br
		_framework\Microsoft.Extensions.Logging.Abstractions.wasm.gz = _framework\Microsoft.Extensions.Logging.Abstractions.wasm.gz
		_framework\Microsoft.Extensions.Logging.wasm = _framework\Microsoft.Extensions.Logging.wasm
		_framework\Microsoft.Extensions.Logging.wasm.br = _framework\Microsoft.Extensions.Logging.wasm.br
		_framework\Microsoft.Extensions.Logging.wasm.gz = _framework\Microsoft.Extensions.Logging.wasm.gz
		_framework\Microsoft.Extensions.Options.wasm = _framework\Microsoft.Extensions.Options.wasm
		_framework\Microsoft.Extensions.Options.wasm.br = _framework\Microsoft.Extensions.Options.wasm.br
		_framework\Microsoft.Extensions.Options.wasm.gz = _framework\Microsoft.Extensions.Options.wasm.gz
		_framework\Microsoft.Extensions.Primitives.wasm = _framework\Microsoft.Extensions.Primitives.wasm
		_framework\Microsoft.Extensions.Primitives.wasm.br = _framework\Microsoft.Extensions.Primitives.wasm.br
		_framework\Microsoft.Extensions.Primitives.wasm.gz = _framework\Microsoft.Extensions.Primitives.wasm.gz
		_framework\Microsoft.JSInterop.wasm = _framework\Microsoft.JSInterop.wasm
		_framework\Microsoft.JSInterop.wasm.br = _framework\Microsoft.JSInterop.wasm.br
		_framework\Microsoft.JSInterop.wasm.gz = _framework\Microsoft.JSInterop.wasm.gz
		_framework\Microsoft.JSInterop.WebAssembly.wasm = _framework\Microsoft.JSInterop.WebAssembly.wasm
		_framework\Microsoft.JSInterop.WebAssembly.wasm.br = _framework\Microsoft.JSInterop.WebAssembly.wasm.br
		_framework\Microsoft.JSInterop.WebAssembly.wasm.gz = _framework\Microsoft.JSInterop.WebAssembly.wasm.gz
		_framework\netstandard.wasm = _framework\netstandard.wasm
		_framework\netstandard.wasm.br = _framework\netstandard.wasm.br
		_framework\netstandard.wasm.gz = _framework\netstandard.wasm.gz
		_framework\RandomDraw.wasm = _framework\RandomDraw.wasm
		_framework\RandomDraw.wasm.br = _framework\RandomDraw.wasm.br
		_framework\RandomDraw.wasm.gz = _framework\RandomDraw.wasm.gz
		_framework\RBush.wasm = _framework\RBush.wasm
		_framework\RBush.wasm.br = _framework\RBush.wasm.br
		_framework\RBush.wasm.gz = _framework\RBush.wasm.gz
		_framework\SixLabors.Fonts.wasm = _framework\SixLabors.Fonts.wasm
		_framework\SixLabors.Fonts.wasm.br = _framework\SixLabors.Fonts.wasm.br
		_framework\SixLabors.Fonts.wasm.gz = _framework\SixLabors.Fonts.wasm.gz
		_framework\System.Buffers.wasm = _framework\System.Buffers.wasm
		_framework\System.Buffers.wasm.br = _framework\System.Buffers.wasm.br
		_framework\System.Buffers.wasm.gz = _framework\System.Buffers.wasm.gz
		_framework\System.Collections.Concurrent.wasm = _framework\System.Collections.Concurrent.wasm
		_framework\System.Collections.Concurrent.wasm.br = _framework\System.Collections.Concurrent.wasm.br
		_framework\System.Collections.Concurrent.wasm.gz = _framework\System.Collections.Concurrent.wasm.gz
		_framework\System.Collections.NonGeneric.wasm = _framework\System.Collections.NonGeneric.wasm
		_framework\System.Collections.NonGeneric.wasm.br = _framework\System.Collections.NonGeneric.wasm.br
		_framework\System.Collections.NonGeneric.wasm.gz = _framework\System.Collections.NonGeneric.wasm.gz
		_framework\System.Collections.Specialized.wasm = _framework\System.Collections.Specialized.wasm
		_framework\System.Collections.Specialized.wasm.br = _framework\System.Collections.Specialized.wasm.br
		_framework\System.Collections.Specialized.wasm.gz = _framework\System.Collections.Specialized.wasm.gz
		_framework\System.Collections.wasm = _framework\System.Collections.wasm
		_framework\System.Collections.wasm.br = _framework\System.Collections.wasm.br
		_framework\System.Collections.wasm.gz = _framework\System.Collections.wasm.gz
		_framework\System.ComponentModel.Primitives.wasm = _framework\System.ComponentModel.Primitives.wasm
		_framework\System.ComponentModel.Primitives.wasm.br = _framework\System.ComponentModel.Primitives.wasm.br
		_framework\System.ComponentModel.Primitives.wasm.gz = _framework\System.ComponentModel.Primitives.wasm.gz
		_framework\System.ComponentModel.TypeConverter.wasm = _framework\System.ComponentModel.TypeConverter.wasm
		_framework\System.ComponentModel.TypeConverter.wasm.br = _framework\System.ComponentModel.TypeConverter.wasm.br
		_framework\System.ComponentModel.TypeConverter.wasm.gz = _framework\System.ComponentModel.TypeConverter.wasm.gz
		_framework\System.ComponentModel.wasm = _framework\System.ComponentModel.wasm
		_framework\System.ComponentModel.wasm.br = _framework\System.ComponentModel.wasm.br
		_framework\System.ComponentModel.wasm.gz = _framework\System.ComponentModel.wasm.gz
		_framework\System.Console.wasm = _framework\System.Console.wasm
		_framework\System.Console.wasm.br = _framework\System.Console.wasm.br
		_framework\System.Console.wasm.gz = _framework\System.Console.wasm.gz
		_framework\System.Data.Common.wasm = _framework\System.Data.Common.wasm
		_framework\System.Data.Common.wasm.br = _framework\System.Data.Common.wasm.br
		_framework\System.Data.Common.wasm.gz = _framework\System.Data.Common.wasm.gz
		_framework\System.Diagnostics.Debug.wasm = _framework\System.Diagnostics.Debug.wasm
		_framework\System.Diagnostics.Debug.wasm.br = _framework\System.Diagnostics.Debug.wasm.br
		_framework\System.Diagnostics.Debug.wasm.gz = _framework\System.Diagnostics.Debug.wasm.gz
		_framework\System.Diagnostics.DiagnosticSource.wasm = _framework\System.Diagnostics.DiagnosticSource.wasm
		_framework\System.Diagnostics.DiagnosticSource.wasm.br = _framework\System.Diagnostics.DiagnosticSource.wasm.br
		_framework\System.Diagnostics.DiagnosticSource.wasm.gz = _framework\System.Diagnostics.DiagnosticSource.wasm.gz
		_framework\System.Diagnostics.Tools.wasm = _framework\System.Diagnostics.Tools.wasm
		_framework\System.Diagnostics.Tools.wasm.br = _framework\System.Diagnostics.Tools.wasm.br
		_framework\System.Diagnostics.Tools.wasm.gz = _framework\System.Diagnostics.Tools.wasm.gz
		_framework\System.Diagnostics.TraceSource.wasm = _framework\System.Diagnostics.TraceSource.wasm
		_framework\System.Diagnostics.TraceSource.wasm.br = _framework\System.Diagnostics.TraceSource.wasm.br
		_framework\System.Diagnostics.TraceSource.wasm.gz = _framework\System.Diagnostics.TraceSource.wasm.gz
		_framework\System.Drawing.Primitives.wasm = _framework\System.Drawing.Primitives.wasm
		_framework\System.Drawing.Primitives.wasm.br = _framework\System.Drawing.Primitives.wasm.br
		_framework\System.Drawing.Primitives.wasm.gz = _framework\System.Drawing.Primitives.wasm.gz
		_framework\System.Drawing.wasm = _framework\System.Drawing.wasm
		_framework\System.Drawing.wasm.br = _framework\System.Drawing.wasm.br
		_framework\System.Drawing.wasm.gz = _framework\System.Drawing.wasm.gz
		_framework\System.IO.Compression.Brotli.wasm = _framework\System.IO.Compression.Brotli.wasm
		_framework\System.IO.Compression.Brotli.wasm.br = _framework\System.IO.Compression.Brotli.wasm.br
		_framework\System.IO.Compression.Brotli.wasm.gz = _framework\System.IO.Compression.Brotli.wasm.gz
		_framework\System.IO.Compression.wasm = _framework\System.IO.Compression.wasm
		_framework\System.IO.Compression.wasm.br = _framework\System.IO.Compression.wasm.br
		_framework\System.IO.Compression.wasm.gz = _framework\System.IO.Compression.wasm.gz
		_framework\System.IO.FileSystem.wasm = _framework\System.IO.FileSystem.wasm
		_framework\System.IO.FileSystem.wasm.br = _framework\System.IO.FileSystem.wasm.br
		_framework\System.IO.FileSystem.wasm.gz = _framework\System.IO.FileSystem.wasm.gz
		_framework\System.IO.Packaging.wasm = _framework\System.IO.Packaging.wasm
		_framework\System.IO.Packaging.wasm.br = _framework\System.IO.Packaging.wasm.br
		_framework\System.IO.Packaging.wasm.gz = _framework\System.IO.Packaging.wasm.gz
		_framework\System.Linq.Expressions.wasm = _framework\System.Linq.Expressions.wasm
		_framework\System.Linq.Expressions.wasm.br = _framework\System.Linq.Expressions.wasm.br
		_framework\System.Linq.Expressions.wasm.gz = _framework\System.Linq.Expressions.wasm.gz
		_framework\System.Linq.Parallel.wasm = _framework\System.Linq.Parallel.wasm
		_framework\System.Linq.Parallel.wasm.br = _framework\System.Linq.Parallel.wasm.br
		_framework\System.Linq.Parallel.wasm.gz = _framework\System.Linq.Parallel.wasm.gz
		_framework\System.Linq.wasm = _framework\System.Linq.wasm
		_framework\System.Linq.wasm.br = _framework\System.Linq.wasm.br
		_framework\System.Linq.wasm.gz = _framework\System.Linq.wasm.gz
		_framework\System.Memory.wasm = _framework\System.Memory.wasm
		_framework\System.Memory.wasm.br = _framework\System.Memory.wasm.br
		_framework\System.Memory.wasm.gz = _framework\System.Memory.wasm.gz
		_framework\System.Net.Http.wasm = _framework\System.Net.Http.wasm
		_framework\System.Net.Http.wasm.br = _framework\System.Net.Http.wasm.br
		_framework\System.Net.Http.wasm.gz = _framework\System.Net.Http.wasm.gz
		_framework\System.Net.Primitives.wasm = _framework\System.Net.Primitives.wasm
		_framework\System.Net.Primitives.wasm.br = _framework\System.Net.Primitives.wasm.br
		_framework\System.Net.Primitives.wasm.gz = _framework\System.Net.Primitives.wasm.gz
		_framework\System.Numerics.Vectors.wasm = _framework\System.Numerics.Vectors.wasm
		_framework\System.Numerics.Vectors.wasm.br = _framework\System.Numerics.Vectors.wasm.br
		_framework\System.Numerics.Vectors.wasm.gz = _framework\System.Numerics.Vectors.wasm.gz
		_framework\System.ObjectModel.wasm = _framework\System.ObjectModel.wasm
		_framework\System.ObjectModel.wasm.br = _framework\System.ObjectModel.wasm.br
		_framework\System.ObjectModel.wasm.gz = _framework\System.ObjectModel.wasm.gz
		_framework\System.Private.CoreLib.wasm = _framework\System.Private.CoreLib.wasm
		_framework\System.Private.CoreLib.wasm.br = _framework\System.Private.CoreLib.wasm.br
		_framework\System.Private.CoreLib.wasm.gz = _framework\System.Private.CoreLib.wasm.gz
		_framework\System.Private.Uri.wasm = _framework\System.Private.Uri.wasm
		_framework\System.Private.Uri.wasm.br = _framework\System.Private.Uri.wasm.br
		_framework\System.Private.Uri.wasm.gz = _framework\System.Private.Uri.wasm.gz
		_framework\System.Private.Xml.Linq.wasm = _framework\System.Private.Xml.Linq.wasm
		_framework\System.Private.Xml.Linq.wasm.br = _framework\System.Private.Xml.Linq.wasm.br
		_framework\System.Private.Xml.Linq.wasm.gz = _framework\System.Private.Xml.Linq.wasm.gz
		_framework\System.Private.Xml.wasm = _framework\System.Private.Xml.wasm
		_framework\System.Private.Xml.wasm.br = _framework\System.Private.Xml.wasm.br
		_framework\System.Private.Xml.wasm.gz = _framework\System.Private.Xml.wasm.gz
		_framework\System.Resources.ResourceManager.wasm = _framework\System.Resources.ResourceManager.wasm
		_framework\System.Resources.ResourceManager.wasm.br = _framework\System.Resources.ResourceManager.wasm.br
		_framework\System.Resources.ResourceManager.wasm.gz = _framework\System.Resources.ResourceManager.wasm.gz
		_framework\System.Runtime.CompilerServices.Unsafe.wasm = _framework\System.Runtime.CompilerServices.Unsafe.wasm
		_framework\System.Runtime.CompilerServices.Unsafe.wasm.br = _framework\System.Runtime.CompilerServices.Unsafe.wasm.br
		_framework\System.Runtime.CompilerServices.Unsafe.wasm.gz = _framework\System.Runtime.CompilerServices.Unsafe.wasm.gz
		_framework\System.Runtime.Extensions.wasm = _framework\System.Runtime.Extensions.wasm
		_framework\System.Runtime.Extensions.wasm.br = _framework\System.Runtime.Extensions.wasm.br
		_framework\System.Runtime.Extensions.wasm.gz = _framework\System.Runtime.Extensions.wasm.gz
		_framework\System.Runtime.InteropServices.JavaScript.wasm = _framework\System.Runtime.InteropServices.JavaScript.wasm
		_framework\System.Runtime.InteropServices.JavaScript.wasm.br = _framework\System.Runtime.InteropServices.JavaScript.wasm.br
		_framework\System.Runtime.InteropServices.JavaScript.wasm.gz = _framework\System.Runtime.InteropServices.JavaScript.wasm.gz
		_framework\System.Runtime.InteropServices.RuntimeInformation.wasm = _framework\System.Runtime.InteropServices.RuntimeInformation.wasm
		_framework\System.Runtime.InteropServices.RuntimeInformation.wasm.br = _framework\System.Runtime.InteropServices.RuntimeInformation.wasm.br
		_framework\System.Runtime.InteropServices.RuntimeInformation.wasm.gz = _framework\System.Runtime.InteropServices.RuntimeInformation.wasm.gz
		_framework\System.Runtime.InteropServices.wasm = _framework\System.Runtime.InteropServices.wasm
		_framework\System.Runtime.InteropServices.wasm.br = _framework\System.Runtime.InteropServices.wasm.br
		_framework\System.Runtime.InteropServices.wasm.gz = _framework\System.Runtime.InteropServices.wasm.gz
		_framework\System.Runtime.Numerics.wasm = _framework\System.Runtime.Numerics.wasm
		_framework\System.Runtime.Numerics.wasm.br = _framework\System.Runtime.Numerics.wasm.br
		_framework\System.Runtime.Numerics.wasm.gz = _framework\System.Runtime.Numerics.wasm.gz
		_framework\System.Runtime.Serialization.Formatters.wasm = _framework\System.Runtime.Serialization.Formatters.wasm
		_framework\System.Runtime.Serialization.Formatters.wasm.br = _framework\System.Runtime.Serialization.Formatters.wasm.br
		_framework\System.Runtime.Serialization.Formatters.wasm.gz = _framework\System.Runtime.Serialization.Formatters.wasm.gz
		_framework\System.Runtime.wasm = _framework\System.Runtime.wasm
		_framework\System.Runtime.wasm.br = _framework\System.Runtime.wasm.br
		_framework\System.Runtime.wasm.gz = _framework\System.Runtime.wasm.gz
		_framework\System.Security.Cryptography.wasm = _framework\System.Security.Cryptography.wasm
		_framework\System.Security.Cryptography.wasm.br = _framework\System.Security.Cryptography.wasm.br
		_framework\System.Security.Cryptography.wasm.gz = _framework\System.Security.Cryptography.wasm.gz
		_framework\System.Text.Encodings.Web.wasm = _framework\System.Text.Encodings.Web.wasm
		_framework\System.Text.Encodings.Web.wasm.br = _framework\System.Text.Encodings.Web.wasm.br
		_framework\System.Text.Encodings.Web.wasm.gz = _framework\System.Text.Encodings.Web.wasm.gz
		_framework\System.Text.Json.wasm = _framework\System.Text.Json.wasm
		_framework\System.Text.Json.wasm.br = _framework\System.Text.Json.wasm.br
		_framework\System.Text.Json.wasm.gz = _framework\System.Text.Json.wasm.gz
		_framework\System.Text.RegularExpressions.wasm = _framework\System.Text.RegularExpressions.wasm
		_framework\System.Text.RegularExpressions.wasm.br = _framework\System.Text.RegularExpressions.wasm.br
		_framework\System.Text.RegularExpressions.wasm.gz = _framework\System.Text.RegularExpressions.wasm.gz
		_framework\System.Threading.wasm = _framework\System.Threading.wasm
		_framework\System.Threading.wasm.br = _framework\System.Threading.wasm.br
		_framework\System.Threading.wasm.gz = _framework\System.Threading.wasm.gz
		_framework\System.wasm = _framework\System.wasm
		_framework\System.wasm.br = _framework\System.wasm.br
		_framework\System.wasm.gz = _framework\System.wasm.gz
		_framework\System.Xml.Linq.wasm = _framework\System.Xml.Linq.wasm
		_framework\System.Xml.Linq.wasm.br = _framework\System.Xml.Linq.wasm.br
		_framework\System.Xml.Linq.wasm.gz = _framework\System.Xml.Linq.wasm.gz
	EndProjectSection
EndProject
Project("{2150E333-8FDC-42A3-9474-1A3956D46DE8}") = "css", "css", "{B68B71E8-40B5-499D-91C9-4F225A96B81F}"
	ProjectSection(SolutionItems) = preProject
		css\app.css = css\app.css
	EndProjectSection
EndProject
Project("{2150E333-8FDC-42A3-9474-1A3956D46DE8}") = "js", "js", "{4BF036B8-EAC5-43F3-9F34-9D294C2EE5B0}"
	ProjectSection(SolutionItems) = preProject
		js\interop.js = js\interop.js
	EndProjectSection
EndProject
Project("{2150E333-8FDC-42A3-9474-1A3956D46DE8}") = "Solution Items", "Solution Items", "{8EC462FD-D22E-90A8-E5CE-7E832BA40C5D}"
	ProjectSection(SolutionItems) = preProject
		index.html = index.html
	EndProjectSection
EndProject
Global
	GlobalSection(SolutionProperties) = preSolution
		HideSolutionNode = FALSE
	EndGlobalSection
	GlobalSection(ExtensibilityGlobals) = postSolution
		SolutionGuid = {793F8D6F-35A9-46CD-B8DA-21027C4E7110}
	EndGlobalSection
EndGlobal
