
Microsoft Visual Studio Solution File, Format Version 12.00
# Visual Studio Version 17
VisualStudioVersion = 17.11.35222.181
MinimumVisualStudioVersion = 10.0.40219.1
Project("{FAE04EC0-301F-11D3-BF4B-00C04F79EFBC}") = "RandomDraw", "RandomDraw\RandomDraw.csproj", "{26F4EE59-B269-4DD9-92FF-7E3B1D3C3EF4}"
EndProject
Project("{2150E333-8FDC-42A3-9474-1A3956D46DE8}") = "data", "data", "{02EA681E-C7D8-13C7-8484-4AC65E1B71E8}"
	ProjectSection(SolutionItems) = preProject
		data\Home Improvement List 28 Feb 2026 06032026_2.xlsx = data\Home Improvement List 28 Feb 2026 06032026_2.xlsx
	EndProjectSection
EndProject
Global
	GlobalSection(SolutionConfigurationPlatforms) = preSolution
		Debug|Any CPU = Debug|Any CPU
		Debug|x86 = Debug|x86
		Release|Any CPU = Release|Any CPU
		Release|x86 = Release|x86
	EndGlobalSection
	GlobalSection(ProjectConfigurationPlatforms) = postSolution
		{26F4EE59-B269-4DD9-92FF-7E3B1D3C3EF4}.Debug|Any CPU.ActiveCfg = Debug|Any CPU
		{26F4EE59-B269-4DD9-92FF-7E3B1D3C3EF4}.Debug|Any CPU.Build.0 = Debug|Any CPU
		{26F4EE59-B269-4DD9-92FF-7E3B1D3C3EF4}.Debug|x86.ActiveCfg = Debug|x86
		{26F4EE59-B269-4DD9-92FF-7E3B1D3C3EF4}.Debug|x86.Build.0 = Debug|x86
		{26F4EE59-B269-4DD9-92FF-7E3B1D3C3EF4}.Release|Any CPU.ActiveCfg = Release|Any CPU
		{26F4EE59-B269-4DD9-92FF-7E3B1D3C3EF4}.Release|Any CPU.Build.0 = Release|Any CPU
		{26F4EE59-B269-4DD9-92FF-7E3B1D3C3EF4}.Release|x86.ActiveCfg = Release|x86
		{26F4EE59-B269-4DD9-92FF-7E3B1D3C3EF4}.Release|x86.Build.0 = Release|x86
	EndGlobalSection
	GlobalSection(SolutionProperties) = preSolution
		HideSolutionNode = FALSE
	EndGlobalSection
EndGlobal
